
Microsoft Visual Studio Solution File, Format Version 12.00
# Visual Studio Version 17
Project("{8BC9CEB8-8B4A-11D0-8D11-00A0C91BC942}") = "Stereo2Mono", "WwisePlugin\Stereo2Mono_Authoring_Windows_vc170.vcxproj", "{C0FBD484-16B1-C195-BC36-64AAF23F3341}"
	ProjectSection(ProjectDependencies) = postProject
		{ED769467-4B7D-9EF4-65DE-8D1095A514F7} = {ED769467-4B7D-9EF4-65DE-8D1095A514F7}
	EndProjectSection
EndProject
Project("{8BC9CEB8-8B4A-11D0-8D11-00A0C91BC942}") = "Stereo2MonoFX", "SoundEnginePlugin\Stereo2Mono_Windows_vc170_static.vcxproj", "{ED769467-4B7D-9EF4-65DE-8D1095A514F7}"
EndProject
Global
	GlobalSection(SolutionConfigurationPlatforms) = preSolution
		Debug|ARM64 = Debug|ARM64
		Debug|Win32 = Debug|Win32
		Debug|x64 = Debug|x64
		Release|ARM64 = Release|ARM64
		Release|Win32 = Release|Win32
		Release|x64 = Release|x64
	EndGlobalSection
	GlobalSection(ProjectConfigurationPlatforms) = postSolution
		{C0FBD484-16B1-C195-BC36-64AAF23F3341}.Debug|ARM64.ActiveCfg = Debug|ARM64
		{C0FBD484-16B1-C195-BC36-64AAF23F3341}.Debug|ARM64.Build.0 = Debug|ARM64
		{C0FBD484-16B1-C195-BC36-64AAF23F3341}.Debug|Win32.ActiveCfg = Debug|Win32
		{C0FBD484-16B1-C195-BC36-64AAF23F3341}.Debug|Win32.Build.0 = Debug|Win32
		{C0FBD484-16B1-C195-BC36-64AAF23F3341}.Debug|x64.ActiveCfg = Debug|x64
		{C0FBD484-16B1-C195-BC36-64AAF23F3341}.Debug|x64.Build.0 = Debug|x64
		{C0FBD484-16B1-C195-BC36-64AAF23F3341}.Release|ARM64.ActiveCfg = Release|ARM64
		{C0FBD484-16B1-C195-BC36-64AAF23F3341}.Release|ARM64.Build.0 = Release|ARM64
		{C0FBD484-16B1-C195-BC36-64AAF23F3341}.Release|Win32.ActiveCfg = Release|Win32
		{C0FBD484-16B1-C195-BC36-64AAF23F3341}.Release|Win32.Build.0 = Release|Win32
		{C0FBD484-16B1-C195-BC36-64AAF23F3341}.Release|x64.ActiveCfg = Release|x64
		{C0FBD484-16B1-C195-BC36-64AAF23F3341}.Release|x64.Build.0 = Release|x64
		{ED769467-4B7D-9EF4-65DE-8D1095A514F7}.Debug|ARM64.ActiveCfg = Debug|ARM64
		{ED769467-4B7D-9EF4-65DE-8D1095A514F7}.Debug|ARM64.Build.0 = Debug|ARM64
		{ED769467-4B7D-9EF4-65DE-8D1095A514F7}.Debug|Win32.ActiveCfg = Debug|Win32
		{ED769467-4B7D-9EF4-65DE-8D1095A514F7}.Debug|Win32.Build.0 = Debug|Win32
		{ED769467-4B7D-9EF4-65DE-8D1095A514F7}.Debug|x64.ActiveCfg = Debug|x64
		{ED769467-4B7D-9EF4-65DE-8D1095A514F7}.Debug|x64.Build.0 = Debug|x64
		{ED769467-4B7D-9EF4-65DE-8D1095A514F7}.Release|ARM64.ActiveCfg = Profile|ARM64
		{ED769467-4B7D-9EF4-65DE-8D1095A514F7}.Release|ARM64.Build.0 = Profile|ARM64
		{ED769467-4B7D-9EF4-65DE-8D1095A514F7}.Release|Win32.ActiveCfg = Profile|Win32
		{ED769467-4B7D-9EF4-65DE-8D1095A514F7}.Release|Win32.Build.0 = Profile|Win32
		{ED769467-4B7D-9EF4-65DE-8D1095A514F7}.Release|x64.ActiveCfg = Profile|x64
		{ED769467-4B7D-9EF4-65DE-8D1095A514F7}.Release|x64.Build.0 = Profile|x64
	EndGlobalSection
	GlobalSection(SolutionProperties) = preSolution
		HideSolutionNode = FALSE
	EndGlobalSection
EndGlobal
